
Microsoft Visual Studio Solution File, Format Version 12.00
# Visual Studio Version 17
VisualStudioVersion = 17.9.34622.214
MinimumVisualStudioVersion = 10.0.40219.1
Project("{9A19103F-16F7-4668-BE54-9A1E7A4F7556}") = "Project_API", "Project_API\Project_API.csproj", "{C69EDF97-6205-4E75-B5C5-9BE2629EE556}"
EndProject
Project("{FAE04EC0-301F-11D3-BF4B-00C04F79EFBC}") = "Project_MVC", "Project_MVC\Project_MVC.csproj", "{C32625A9-5ABB-457C-8A3E-9B5914884A44}"
EndProject
Global
	GlobalSection(SolutionConfigurationPlatforms) = preSolution
		Debug|Any CPU = Debug|Any CPU
		Release|Any CPU = Release|Any CPU
	EndGlobalSection
	GlobalSection(ProjectConfigurationPlatforms) = postSolution
		{C69EDF97-6205-4E75-B5C5-9BE2629EE556}.Debug|Any CPU.ActiveCfg = Debug|Any CPU
		{C69EDF97-6205-4E75-B5C5-9BE2629EE556}.Debug|Any CPU.Build.0 = Debug|Any CPU
		{C69EDF97-6205-4E75-B5C5-9BE2629EE556}.Release|Any CPU.ActiveCfg = Release|Any CPU
		{C69EDF97-6205-4E75-B5C5-9BE2629EE556}.Release|Any CPU.Build.0 = Release|Any CPU
		{C32625A9-5ABB-457C-8A3E-9B5914884A44}.Debug|Any CPU.ActiveCfg = Debug|Any CPU
		{C32625A9-5ABB-457C-8A3E-9B5914884A44}.Debug|Any CPU.Build.0 = Debug|Any CPU
		{C32625A9-5ABB-457C-8A3E-9B5914884A44}.Release|Any CPU.ActiveCfg = Release|Any CPU
		{C32625A9-5ABB-457C-8A3E-9B5914884A44}.Release|Any CPU.Build.0 = Release|Any CPU
	EndGlobalSection
	GlobalSection(SolutionProperties) = preSolution
		HideSolutionNode = FALSE
	EndGlobalSection
	GlobalSection(ExtensibilityGlobals) = postSolution
		SolutionGuid = {04CE9841-23FB-4FCE-949C-821FA4797095}
	EndGlobalSection
EndGlobal
